// !$*UTF8*$!
{
	archiveVersion = 1;
	classes = {
	};
	objectVersion = 50;
	objects = {

/* Begin PBXBuildFile section */
		1B9B25F2248805600007A106 /* AppDelegate.swift in Sources */ = {isa = PBXBuildFile; fileRef = 1B9B25F1248805600007A106 /* AppDelegate.swift */; };
		1B9B25F4248805600007A106 /* SceneDelegate.swift in Sources */ = {isa = PBXBuildFile; fileRef = 1B9B25F3248805600007A106 /* SceneDelegate.swift */; };
		1B9B25F6248805600007A106 /* ViewController.swift in Sources */ = {isa = PBXBuildFile; fileRef = 1B9B25F5248805600007A106 /* ViewController.swift */; };
		1B9B25F9248805600007A106 /* Main.storyboard in Resources */ = {isa = PBXBuildFile; fileRef = 1B9B25F7248805600007A106 /* Main.storyboard */; };
		1B9B25FC248805600007A106 /* mainScreen.xcdatamodeld in Sources */ = {isa = PBXBuildFile; fileRef = 1B9B25FA248805600007A106 /* mainScreen.xcdatamodeld */; };
		1B9B25FE248805650007A106 /* Assets.xcassets in Resources */ = {isa = PBXBuildFile; fileRef = 1B9B25FD248805650007A106 /* Assets.xcassets */; };
		1B9B2601248805650007A106 /* LaunchScreen.storyboard in Resources */ = {isa = PBXBuildFile; fileRef = 1B9B25FF248805650007A106 /* LaunchScreen.storyboard */; };
		1B9B260C248805650007A106 /* mainScreenTests.swift in Sources */ = {isa = PBXBuildFile; fileRef = 1B9B260B248805650007A106 /* mainScreenTests.swift */; };
		1B9B2617248805650007A106 /* mainScreenUITests.swift in Sources */ = {isa = PBXBuildFile; fileRef = 1B9B2616248805650007A106 /* mainScreenUITests.swift */; };
/* End PBXBuildFile section */

/* Begin PBXContainerItemProxy section */
		1B9B2608248805650007A106 /* PBXContainerItemProxy */ = {
			isa = PBXContainerItemProxy;
			containerPortal = 1B9B25E6248805600007A106 /* Project object */;
			proxyType = 1;
			remoteGlobalIDString = 1B9B25ED248805600007A106;
			remoteInfo = mainScreen;
		};
		1B9B2613248805650007A106 /* PBXContainerItemProxy */ = {
			isa = PBXContainerItemProxy;
			containerPortal = 1B9B25E6248805600007A106 /* Project object */;
			proxyType = 1;
			remoteGlobalIDString = 1B9B25ED248805600007A106;
			remoteInfo = mainScreen;
		};
/* End PBXContainerItemProxy section */

/* Begin PBXFileReference section */
		1B9B25EE248805600007A106 /* mainScreen.app */ = {isa = PBXFileReference; explicitFileType = wrapper.application; includeInIndex = 0; path = mainScreen.app; sourceTree = BUILT_PRODUCTS_DIR; };
		1B9B25F1248805600007A106 /* AppDelegate.swift */ = {isa = PBXFileReference; lastKnownFileType = sourcecode.swift; path = AppDelegate.swift; sourceTree = "<group>"; };
		1B9B25F3248805600007A106 /* SceneDelegate.swift */ = {isa = PBXFileReference; lastKnownFileType = sourcecode.swift; path = SceneDelegate.swift; sourceTree = "<group>"; };
		1B9B25F5248805600007A106 /* ViewController.swift */ = {isa = PBXFileReference; lastKnownFileType = sourcecode.swift; path = ViewController.swift; sourceTree = "<group>"; };
		1B9B25F8248805600007A106 /* Base */ = {isa = PBXFileReference; lastKnownFileType = file.storyboard; name = Base; path = Base.lproj/Main.storyboard; sourceTree = "<group>"; };
		1B9B25FB248805600007A106 /* mainScreen.xcdatamodel */ = {isa = PBXFileReference; lastKnownFileType = wrapper.xcdatamodel; path = mainScreen.xcdatamodel; sourceTree = "<group>"; };
		1B9B25FD248805650007A106 /* Assets.xcassets */ = {isa = PBXFileReference; lastKnownFileType = folder.assetcatalog; path = Assets.xcassets; sourceTree = "<group>"; };
		1B9B2600248805650007A106 /* Base */ = {isa = PBXFileReference; lastKnownFileType = file.storyboard; name = Base; path = Base.lproj/LaunchScreen.storyboard; sourceTree = "<group>"; };
		1B9B2602248805650007A106 /* Info.plist */ = {isa = PBXFileReference; lastKnownFileType = text.plist.xml; path = Info.plist; sourceTree = "<group>"; };
		1B9B2607248805650007A106 /* mainScreenTests.xctest */ = {isa = PBXFileReference; explicitFileType = wrapper.cfbundle; includeInIndex = 0; path = mainScreenTests.xctest; sourceTree = BUILT_PRODUCTS_DIR; };
		1B9B260B248805650007A106 /* mainScreenTests.swift */ = {isa = PBXFileReference; lastKnownFileType = sourcecode.swift; path = mainScreenTests.swift; sourceTree = "<group>"; };
		1B9B260D248805650007A106 /* Info.plist */ = {isa = PBXFileReference; lastKnownFileType = text.plist.xml; path = Info.plist; sourceTree = "<group>"; };
		1B9B2612248805650007A106 /* mainScreenUITests.xctest */ = {isa = PBXFileReference; explicitFileType = wrapper.cfbundle; includeInIndex = 0; path = mainScreenUITests.xctest; sourceTree = BUILT_PRODUCTS_DIR; };
		1B9B2616248805650007A106 /* mainScreenUITests.swift */ = {isa = PBXFileReference; lastKnownFileType = sourcecode.swift; path = mainScreenUITests.swift; sourceTree = "<group>"; };
		1B9B2618248805650007A106 /* Info.plist */ = {isa = PBXFileReference; lastKnownFileType = text.plist.xml; path = Info.plist; sourceTree = "<group>"; };
/* End PBXFileReference section */

/* Begin PBXFrameworksBuildPhase section */
		1B9B25EB248805600007A106 /* Frameworks */ = {
			isa = PBXFrameworksBuildPhase;
			buildActionMask = 2147483647;
			files = (
			);
			runOnlyForDeploymentPostprocessing = 0;
		};
		1B9B2604248805650007A106 /* Frameworks */ = {
			isa = PBXFrameworksBuildPhase;
			buildActionMask = 2147483647;
			files = (
			);
			runOnlyForDeploymentPostprocessing = 0;
		};
		1B9B260F248805650007A106 /* Frameworks */ = {
			isa = PBXFrameworksBuildPhase;
			buildActionMask = 2147483647;
			files = (
			);
			runOnlyForDeploymentPostprocessing = 0;
		};
/* End PBXFrameworksBuildPhase section */

/* Begin PBXGroup section */
		1B9B25E5248805600007A106 = {
			isa = PBXGroup;
			children = (
				1B9B25F0248805600007A106 /* mainScreen */,
				1B9B260A248805650007A106 /* mainScreenTests */,
				1B9B2615248805650007A106 /* mainScreenUITests */,
				1B9B25EF248805600007A106 /* Products */,
			);
			sourceTree = "<group>";
		};
		1B9B25EF248805600007A106 /* Products */ = {
			isa = PBXGroup;
			children = (
				1B9B25EE248805600007A106 /* mainScreen.app */,
				1B9B2607248805650007A106 /* mainScreenTests.xctest */,
				1B9B2612248805650007A106 /* mainScreenUITests.xctest */,
			);
			name = Products;
			sourceTree = "<group>";
		};
		1B9B25F0248805600007A106 /* mainScreen */ = {
			isa = PBXGroup;
			children = (
				1B9B25F1248805600007A106 /* AppDelegate.swift */,
				1B9B25F3248805600007A106 /* SceneDelegate.swift */,
				1B9B25F5248805600007A106 /* ViewController.swift */,
				1B9B25F7248805600007A106 /* Main.storyboard */,
				1B9B25FD248805650007A106 /* Assets.xcassets */,
				1B9B25FF248805650007A106 /* LaunchScreen.storyboard */,
				1B9B2602248805650007A106 /* Info.plist */,
				1B9B25FA248805600007A106 /* mainScreen.xcdatamodeld */,
			);
			path = mainScreen;
			sourceTree = "<group>";
		};
		1B9B260A248805650007A106 /* mainScreenTests */ = {
			isa = PBXGroup;
			children = (
				1B9B260B248805650007A106 /* mainScreenTests.swift */,
				1B9B260D248805650007A106 /* Info.plist */,
			);
			path = mainScreenTests;
			sourceTree = "<group>";
		};
		1B9B2615248805650007A106 /* mainScreenUITests */ = {
			isa = PBXGroup;
			children = (
				1B9B2616248805650007A106 /* mainScreenUITests.swift */,
				1B9B2618248805650007A106 /* Info.plist */,
			);
			path = mainScreenUITests;
			sourceTree = "<group>";
		};
/* End PBXGroup section */

/* Begin PBXNativeTarget section */
		1B9B25ED248805600007A106 /* mainScreen */ = {
			isa = PBXNativeTarget;
			buildConfigurationList = 1B9B261B248805650007A106 /* Build configuration list for PBXNativeTarget "mainScreen" */;
			buildPhases = (
				1B9B25EA248805600007A106 /* Sources */,
				1B9B25EB248805600007A106 /* Frameworks */,
				1B9B25EC248805600007A106 /* Resources */,
			);
			buildRules = (
			);
			dependencies = (
			);
			name = mainScreen;
			productName = mainScreen;
			productReference = 1B9B25EE248805600007A106 /* mainScreen.app */;
			productType = "com.apple.product-type.application";
		};
		1B9B2606248805650007A106 /* mainScreenTests */ = {
			isa = PBXNativeTarget;
			buildConfigurationList = 1B9B261E248805650007A106 /* Build configuration list for PBXNativeTarget "mainScreenTests" */;
			buildPhases = (
				1B9B2603248805650007A106 /* Sources */,
				1B9B2604248805650007A106 /* Frameworks */,
				1B9B2605248805650007A106 /* Resources */,
			);
			buildRules = (
			);
			dependencies = (
				1B9B2609248805650007A106 /* PBXTargetDependency */,
			);
			name = mainScreenTests;
			productName = mainScreenTests;
			productReference = 1B9B2607248805650007A106 /* mainScreenTests.xctest */;
			productType = "com.apple.product-type.bundle.unit-test";
		};
		1B9B2611248805650007A106 /* mainScreenUITests */ = {
			isa = PBXNativeTarget;
			buildConfigurationList = 1B9B2621248805650007A106 /* Build configuration list for PBXNativeTarget "mainScreenUITests" */;
			buildPhases = (
				1B9B260E248805650007A106 /* Sources */,
				1B9B260F248805650007A106 /* Frameworks */,
				1B9B2610248805650007A106 /* Resources */,
			);
			buildRules = (
			);
			dependencies = (
				1B9B2614248805650007A106 /* PBXTargetDependency */,
			);
			name = mainScreenUITests;
			productName = mainScreenUITests;
			productReference = 1B9B2612248805650007A106 /* mainScreenUITests.xctest */;
			productType = "com.apple.product-type.bundle.ui-testing";
		};
/* End PBXNativeTarget section */

/* Begin PBXProject section */
		1B9B25E6248805600007A106 /* Project object */ = {
			isa = PBXProject;
			attributes = {
				LastSwiftUpdateCheck = 1110;
				LastUpgradeCheck = 1110;
				ORGANIZATIONNAME = "Praneet Kedari";
				TargetAttributes = {
					1B9B25ED248805600007A106 = {
						CreatedOnToolsVersion = 11.1;
					};
					1B9B2606248805650007A106 = {
						CreatedOnToolsVersion = 11.1;
						TestTargetID = 1B9B25ED248805600007A106;
					};
					1B9B2611248805650007A106 = {
						CreatedOnToolsVersion = 11.1;
						TestTargetID = 1B9B25ED248805600007A106;
					};
				};
			};
			buildConfigurationList = 1B9B25E9248805600007A106 /* Build configuration list for PBXProject "mainScreen" */;
			compatibilityVersion = "Xcode 9.3";
			developmentRegion = en;
			hasScannedForEncodings = 0;
			knownRegions = (
				en,
				Base,
			);
			mainGroup = 1B9B25E5248805600007A106;
			productRefGroup = 1B9B25EF248805600007A106 /* Products */;
			projectDirPath = "";
			projectRoot = "";
			targets = (
				1B9B25ED248805600007A106 /* mainScreen */,
				1B9B2606248805650007A106 /* mainScreenTests */,
				1B9B2611248805650007A106 /* mainScreenUITests */,
			);
		};
/* End PBXProject section */

/* Begin PBXResourcesBuildPhase section */
		1B9B25EC248805600007A106 /* Resources */ = {
			isa = PBXResourcesBuildPhase;
			buildActionMask = 2147483647;
			files = (
				1B9B2601248805650007A106 /* LaunchScreen.storyboard in Resources */,
				1B9B25FE248805650007A106 /* Assets.xcassets in Resources */,
				1B9B25F9248805600007A106 /* Main.storyboard in Resources */,
			);
			runOnlyForDeploymentPostprocessing = 0;
		};
		1B9B2605248805650007A106 /* Resources */ = {
			isa = PBXResourcesBuildPhase;
			buildActionMask = 2147483647;
			files = (
			);
			runOnlyForDeploymentPostprocessing = 0;
		};
		1B9B2610248805650007A106 /* Resources */ = {
			isa = PBXResourcesBuildPhase;
			buildActionMask = 2147483647;
			files = (
			);
			runOnlyForDeploymentPostprocessing = 0;
		};
/* End PBXResourcesBuildPhase section */

/* Begin PBXSourcesBuildPhase section */
		1B9B25EA248805600007A106 /* Sources */ = {
			isa = PBXSourcesBuildPhase;
			buildActionMask = 2147483647;
			files = (
				1B9B25FC248805600007A106 /* mainScreen.xcdatamodeld in Sources */,
				1B9B25F6248805600007A106 /* ViewController.swift in Sources */,
				1B9B25F2248805600007A106 /* AppDelegate.swift in Sources */,
				1B9B25F4248805600007A106 /* SceneDelegate.swift in Sources */,
			);
			runOnlyForDeploymentPostprocessing = 0;
		};
		1B9B2603248805650007A106 /* Sources */ = {
			isa = PBXSourcesBuildPhase;
			buildActionMask = 2147483647;
			files = (
				1B9B260C248805650007A106 /* mainScreenTests.swift in Sources */,
			);
			runOnlyForDeploymentPostprocessing = 0;
		};
		1B9B260E248805650007A106 /* Sources */ = {
			isa = PBXSourcesBuildPhase;
			buildActionMask = 2147483647;
			files = (
				1B9B2617248805650007A106 /* mainScreenUITests.swift in Sources */,
			);
			runOnlyForDeploymentPostprocessing = 0;
		};
/* End PBXSourcesBuildPhase section */

/* Begin PBXTargetDependency section */
		1B9B2609248805650007A106 /* PBXTargetDependency */ = {
			isa = PBXTargetDependency;
			target = 1B9B25ED248805600007A106 /* mainScreen */;
			targetProxy = 1B9B2608248805650007A106 /* PBXContainerItemProxy */;
		};
		1B9B2614248805650007A106 /* PBXTargetDependency */ = {
			isa = PBXTargetDependency;
			target = 1B9B25ED248805600007A106 /* mainScreen */;
			targetProxy = 1B9B2613248805650007A106 /* PBXContainerItemProxy */;
		};
/* End PBXTargetDependency section */

/* Begin PBXVariantGroup section */
		1B9B25F7248805600007A106 /* Main.storyboard */ = {
			isa = PBXVariantGroup;
			children = (
				1B9B25F8248805600007A106 /* Base */,
			);
			name = Main.storyboard;
			sourceTree = "<group>";
		};
		1B9B25FF248805650007A106 /* LaunchScreen.storyboard */ = {
			isa = PBXVariantGroup;
			children = (
				1B9B2600248805650007A106 /* Base */,
			);
			name = LaunchScreen.storyboard;
			sourceTree = "<group>";
		};
/* End PBXVariantGroup section */

/* Begin XCBuildConfiguration section */
		1B9B2619248805650007A106 /* Debug */ = {
			isa = XCBuildConfiguration;
			buildSettings = {
				ALWAYS_SEARCH_USER_PATHS = NO;
				CLANG_ANALYZER_NONNULL = YES;
				CLANG_ANALYZER_NUMBER_OBJECT_CONVERSION = YES_AGGRESSIVE;
				CLANG_CXX_LANGUAGE_STANDARD = "gnu++14";
				CLANG_CXX_LIBRARY = "libc++";
				CLANG_ENABLE_MODULES = YES;
				CLANG_ENABLE_OBJC_ARC = YES;
				CLANG_ENABLE_OBJC_WEAK = YES;
				CLANG_WARN_BLOCK_CAPTURE_AUTORELEASING = YES;
				CLANG_WARN_BOOL_CONVERSION = YES;
				CLANG_WARN_COMMA = YES;
				CLANG_WARN_CONSTANT_CONVERSION = YES;
				CLANG_WARN_DEPRECATED_OBJC_IMPLEMENTATIONS = YES;
				CLANG_WARN_DIRECT_OBJC_ISA_USAGE = YES_ERROR;
				CLANG_WARN_DOCUMENTATION_COMMENTS = YES;
				CLANG_WARN_EMPTY_BODY = YES;
				CLANG_WARN_ENUM_CONVERSION = YES;
				CLANG_WARN_INFINITE_RECURSION = YES;
				CLANG_WARN_INT_CONVERSION = YES;
				CLANG_WARN_NON_LITERAL_NULL_CONVERSION = YES;
				CLANG_WARN_OBJC_IMPLICIT_RETAIN_SELF = YES;
				CLANG_WARN_OBJC_LITERAL_CONVERSION = YES;
				CLANG_WARN_OBJC_ROOT_CLASS = YES_ERROR;
				CLANG_WARN_RANGE_LOOP_ANALYSIS = YES;
				CLANG_WARN_STRICT_PROTOTYPES = YES;
				CLANG_WARN_SUSPICIOUS_MOVE = YES;
				CLANG_WARN_UNGUARDED_AVAILABILITY = YES_AGGRESSIVE;
				CLANG_WARN_UNREACHABLE_CODE = YES;
				CLANG_WARN__DUPLICATE_METHOD_MATCH = YES;
				COPY_PHASE_STRIP = NO;
				DEBUG_INFORMATION_FORMAT = dwarf;
				ENABLE_STRICT_OBJC_MSGSEND = YES;
				ENABLE_TESTABILITY = YES;
				GCC_C_LANGUAGE_STANDARD = gnu11;
				GCC_DYNAMIC_NO_PIC = NO;
				GCC_NO_COMMON_BLOCKS = YES;
				GCC_OPTIMIZATION_LEVEL = 0;
				GCC_PREPROCESSOR_DEFINITIONS = (
					"DEBUG=1",
					"$(inherited)",
				);
				GCC_WARN_64_TO_32_BIT_CONVERSION = YES;
				GCC_WARN_ABOUT_RETURN_TYPE = YES_ERROR;
				GCC_WARN_UNDECLARED_SELECTOR = YES;
				GCC_WARN_UNINITIALIZED_AUTOS = YES_AGGRESSIVE;
				GCC_WARN_UNUSED_FUNCTION = YES;
				GCC_WARN_UNUSED_VARIABLE = YES;
				IPHONEOS_DEPLOYMENT_TARGET = 13.1;
				MTL_ENABLE_DEBUG_INFO = INCLUDE_SOURCE;
				MTL_FAST_MATH = YES;
				ONLY_ACTIVE_ARCH = YES;
				SDKROOT = iphoneos;
				SWIFT_ACTIVE_COMPILATION_CONDITIONS = DEBUG;
				SWIFT_OPTIMIZATION_LEVEL = "-Onone";
			};
			name = Debug;
		};
		1B9B261A248805650007A106 /* Release */ = {
			isa = XCBuildConfiguration;
			buildSettings = {
				ALWAYS_SEARCH_USER_PATHS = NO;
				CLANG_ANALYZER_NONNULL = YES;
				CLANG_ANALYZER_NUMBER_OBJECT_CONVERSION = YES_AGGRESSIVE;
				CLANG_CXX_LANGUAGE_STANDARD = "gnu++14";
				CLANG_CXX_LIBRARY = "libc++";
				CLANG_ENABLE_MODULES = YES;
				CLANG_ENABLE_OBJC_ARC = YES;
				CLANG_ENABLE_OBJC_WEAK = YES;
				CLANG_WARN_BLOCK_CAPTURE_AUTORELEASING = YES;
				CLANG_WARN_BOOL_CONVERSION = YES;
				CLANG_WARN_COMMA = YES;
				CLANG_WARN_CONSTANT_CONVERSION = YES;
				CLANG_WARN_DEPRECATED_OBJC_IMPLEMENTATIONS = YES;
				CLANG_WARN_DIRECT_OBJC_ISA_USAGE = YES_ERROR;
				CLANG_WARN_DOCUMENTATION_COMMENTS = YES;
				CLANG_WARN_EMPTY_BODY = YES;
				CLANG_WARN_ENUM_CONVERSION = YES;
				CLANG_WARN_INFINITE_RECURSION = YES;
				CLANG_WARN_INT_CONVERSION = YES;
				CLANG_WARN_NON_LITERAL_NULL_CONVERSION = YES;
				CLANG_WARN_OBJC_IMPLICIT_RETAIN_SELF = YES;
				CLANG_WARN_OBJC_LITERAL_CONVERSION = YES;
				CLANG_WARN_OBJC_ROOT_CLASS = YES_ERROR;
				CLANG_WARN_RANGE_LOOP_ANALYSIS = YES;
				CLANG_WARN_STRICT_PROTOTYPES = YES;
				CLANG_WARN_SUSPICIOUS_MOVE = YES;
				CLANG_WARN_UNGUARDED_AVAILABILITY = YES_AGGRESSIVE;
				CLANG_WARN_UNREACHABLE_CODE = YES;
				CLANG_WARN__DUPLICATE_METHOD_MATCH = YES;
				COPY_PHASE_STRIP = NO;
				DEBUG_INFORMATION_FORMAT = "dwarf-with-dsym";
				ENABLE_NS_ASSERTIONS = NO;
				ENABLE_STRICT_OBJC_MSGSEND = YES;
				GCC_C_LANGUAGE_STANDARD = gnu11;
				GCC_NO_COMMON_BLOCKS = YES;
				GCC_WARN_64_TO_32_BIT_CONVERSION = YES;
				GCC_WARN_ABOUT_RETURN_TYPE = YES_ERROR;
				GCC_WARN_UNDECLARED_SELECTOR = YES;
				GCC_WARN_UNINITIALIZED_AUTOS = YES_AGGRESSIVE;
				GCC_WARN_UNUSED_FUNCTION = YES;
				GCC_WARN_UNUSED_VARIABLE = YES;
				IPHONEOS_DEPLOYMENT_TARGET = 13.1;
				MTL_ENABLE_DEBUG_INFO = NO;
				MTL_FAST_MATH = YES;
				SDKROOT = iphoneos;
				SWIFT_COMPILATION_MODE = wholemodule;
				SWIFT_OPTIMIZATION_LEVEL = "-O";
				VALIDATE_PRODUCT = YES;
			};
			name = Release;
		};
		1B9B261C248805650007A106 /* Debug */ = {
			isa = XCBuildConfiguration;
			buildSettings = {
				ASSETCATALOG_COMPILER_APPICON_NAME = AppIcon;
				CODE_SIGN_STYLE = Automatic;
				INFOPLIST_FILE = mainScreen/Info.plist;
				LD_RUNPATH_SEARCH_PATHS = (
					"$(inherited)",
					"@executable_path/Frameworks",
				);
				PRODUCT_BUNDLE_IDENTIFIER = com.praneetk.mainScreen;
				PRODUCT_NAME = "$(TARGET_NAME)";
				SWIFT_VERSION = 5.0;
				TARGETED_DEVICE_FAMILY = "1,2";
			};
			name = Debug;
		};
		1B9B261D248805650007A106 /* Release */ = {
			isa = XCBuildConfiguration;
			buildSettings = {
				ASSETCATALOG_COMPILER_APPICON_NAME = AppIcon;
				CODE_SIGN_STYLE = Automatic;
				INFOPLIST_FILE = mainScreen/Info.plist;
				LD_RUNPATH_SEARCH_PATHS = (
					"$(inherited)",
					"@executable_path/Frameworks",
				);
				PRODUCT_BUNDLE_IDENTIFIER = com.praneetk.mainScreen;
				PRODUCT_NAME = "$(TARGET_NAME)";
				SWIFT_VERSION = 5.0;
				TARGETED_DEVICE_FAMILY = "1,2";
			};
			name = Release;
		};
		1B9B261F248805650007A106 /* Debug */ = {
			isa = XCBuildConfiguration;
			buildSettings = {
				ALWAYS_EMBED_SWIFT_STANDARD_LIBRARIES = YES;
				BUNDLE_LOADER = "$(TEST_HOST)";
				CODE_SIGN_STYLE = Automatic;
				INFOPLIST_FILE = mainScreenTests/Info.plist;
				IPHONEOS_DEPLOYMENT_TARGET = 13.1;
				LD_RUNPATH_SEARCH_PATHS = (
					"$(inherited)",
					"@executable_path/Frameworks",
					"@loader_path/Frameworks",
				);
				PRODUCT_BUNDLE_IDENTIFIER = com.praneetk.mainScreenTests;
				PRODUCT_NAME = "$(TARGET_NAME)";
				SWIFT_VERSION = 5.0;
				TARGETED_DEVICE_FAMILY = "1,2";
				TEST_HOST = "$(BUILT_PRODUCTS_DIR)/mainScreen.app/mainScreen";
			};
			name = Debug;
		};
		1B9B2620248805650007A106 /* Release */ = {
			isa = XCBuildConfiguration;
			buildSettings = {
				ALWAYS_EMBED_SWIFT_STANDARD_LIBRARIES = YES;
				BUNDLE_LOADER = "$(TEST_HOST)";
				CODE_SIGN_STYLE = Automatic;
				INFOPLIST_FILE = mainScreenTests/Info.plist;
				IPHONEOS_DEPLOYMENT_TARGET = 13.1;
				LD_RUNPATH_SEARCH_PATHS = (
					"$(inherited)",
					"@executable_path/Frameworks",
					"@loader_path/Frameworks",
				);
				PRODUCT_BUNDLE_IDENTIFIER = com.praneetk.mainScreenTests;
				PRODUCT_NAME = "$(TARGET_NAME)";
				SWIFT_VERSION = 5.0;
				TARGETED_DEVICE_FAMILY = "1,2";
				TEST_HOST = "$(BUILT_PRODUCTS_DIR)/mainScreen.app/mainScreen";
			};
			name = Release;
		};
		1B9B2622248805650007A106 /* Debug */ = {
			isa = XCBuildConfiguration;
			buildSettings = {
				ALWAYS_EMBED_SWIFT_STANDARD_LIBRARIES = YES;
				CODE_SIGN_STYLE = Automatic;
				INFOPLIST_FILE = mainScreenUITests/Info.plist;
				LD_RUNPATH_SEARCH_PATHS = (
					"$(inherited)",
					"@executable_path/Frameworks",
					"@loader_path/Frameworks",
				);
				PRODUCT_BUNDLE_IDENTIFIER = com.praneetk.mainScreenUITests;
				PRODUCT_NAME = "$(TARGET_NAME)";
				SWIFT_VERSION = 5.0;
				TARGETED_DEVICE_FAMILY = "1,2";
				TEST_TARGET_NAME = mainScreen;
			};
			name = Debug;
		};
		1B9B2623248805650007A106 /* Release */ = {
			isa = XCBuildConfiguration;
			buildSettings = {
				ALWAYS_EMBED_SWIFT_STANDARD_LIBRARIES = YES;
				CODE_SIGN_STYLE = Automatic;
				INFOPLIST_FILE = mainScreenUITests/Info.plist;
				LD_RUNPATH_SEARCH_PATHS = (
					"$(inherited)",
					"@executable_path/Frameworks",
					"@loader_path/Frameworks",
				);
				PRODUCT_BUNDLE_IDENTIFIER = com.praneetk.mainScreenUITests;
				PRODUCT_NAME = "$(TARGET_NAME)";
				SWIFT_VERSION = 5.0;
				TARGETED_DEVICE_FAMILY = "1,2";
				TEST_TARGET_NAME = mainScreen;
			};
			name = Release;
		};
/* End XCBuildConfiguration section */

/* Begin XCConfigurationList section */
		1B9B25E9248805600007A106 /* Build configuration list for PBXProject "mainScreen" */ = {
			isa = XCConfigurationList;
			buildConfigurations = (
				1B9B2619248805650007A106 /* Debug */,
				1B9B261A248805650007A106 /* Release */,
			);
			defaultConfigurationIsVisible = 0;
			defaultConfigurationName = Release;
		};
		1B9B261B248805650007A106 /* Build configuration list for PBXNativeTarget "mainScreen" */ = {
			isa = XCConfigurationList;
			buildConfigurations = (
				1B9B261C248805650007A106 /* Debug */,
				1B9B261D248805650007A106 /* Release */,
			);
			defaultConfigurationIsVisible = 0;
			defaultConfigurationName = Release;
		};
		1B9B261E248805650007A106 /* Build configuration list for PBXNativeTarget "mainScreenTests" */ = {
			isa = XCConfigurationList;
			buildConfigurations = (
				1B9B261F248805650007A106 /* Debug */,
				1B9B2620248805650007A106 /* Release */,
			);
			defaultConfigurationIsVisible = 0;
			defaultConfigurationName = Release;
		};
		1B9B2621248805650007A106 /* Build configuration list for PBXNativeTarget "mainScreenUITests" */ = {
			isa = XCConfigurationList;
			buildConfigurations = (
				1B9B2622248805650007A106 /* Debug */,
				1B9B2623248805650007A106 /* Release */,
			);
			defaultConfigurationIsVisible = 0;
			defaultConfigurationName = Release;
		};
/* End XCConfigurationList section */

/* Begin XCVersionGroup section */
		1B9B25FA248805600007A106 /* mainScreen.xcdatamodeld */ = {
			isa = XCVersionGroup;
			children = (
				1B9B25FB248805600007A106 /* mainScreen.xcdatamodel */,
			);
			currentVersion = 1B9B25FB248805600007A106 /* mainScreen.xcdatamodel */;
			path = mainScreen.xcdatamodeld;
			sourceTree = "<group>";
			versionGroupType = wrapper.xcdatamodel;
		};
/* End XCVersionGroup section */
	};
	rootObject = 1B9B25E6248805600007A106 /* Project object */;
}
